
Microsoft Visual Studio Solution File, Format Version 12.00
# Visual Studio Version 17
VisualStudioVersion = 17.14.36301.6 d17.14
MinimumVisualStudioVersion = 10.0.40219.1
Project("{FAE04EC0-301F-11D3-BF4B-00C04F79EFBC}") = "Art_Gallery", "Art_Gallery\Art_Gallery.csproj", "{43C7B0D4-2CCA-4754-B739-C2CC672491A1}"
EndProject
Project("{FAE04EC0-301F-11D3-BF4B-00C04F79EFBC}") = "DataAccessLayer", "DataAccessLayer\DataAccessLayer.csproj", "{163912AF-0E08-468A-9E80-0199A7F788FE}"
EndProject
Project("{FAE04EC0-301F-11D3-BF4B-00C04F79EFBC}") = "BusinessLogicLayer", "BusinessLogicLayer\BusinessLogicLayer.csproj", "{DFD5FB3C-EF20-472F-AA3B-9FAB6959269E}"
EndProject
Global
	GlobalSection(SolutionConfigurationPlatforms) = preSolution
		Debug|Any CPU = Debug|Any CPU
		Release|Any CPU = Release|Any CPU
	EndGlobalSection
	GlobalSection(ProjectConfigurationPlatforms) = postSolution
		{43C7B0D4-2CCA-4754-B739-C2CC672491A1}.Debug|Any CPU.ActiveCfg = Debug|Any CPU
		{43C7B0D4-2CCA-4754-B739-C2CC672491A1}.Debug|Any CPU.Build.0 = Debug|Any CPU
		{43C7B0D4-2CCA-4754-B739-C2CC672491A1}.Release|Any CPU.ActiveCfg = Release|Any CPU
		{43C7B0D4-2CCA-4754-B739-C2CC672491A1}.Release|Any CPU.Build.0 = Release|Any CPU
		{163912AF-0E08-468A-9E80-0199A7F788FE}.Debug|Any CPU.ActiveCfg = Debug|Any CPU
		{163912AF-0E08-468A-9E80-0199A7F788FE}.Debug|Any CPU.Build.0 = Debug|Any CPU
		{163912AF-0E08-468A-9E80-0199A7F788FE}.Release|Any CPU.ActiveCfg = Release|Any CPU
		{163912AF-0E08-468A-9E80-0199A7F788FE}.Release|Any CPU.Build.0 = Release|Any CPU
		{DFD5FB3C-EF20-472F-AA3B-9FAB6959269E}.Debug|Any CPU.ActiveCfg = Debug|Any CPU
		{DFD5FB3C-EF20-472F-AA3B-9FAB6959269E}.Debug|Any CPU.Build.0 = Debug|Any CPU
		{DFD5FB3C-EF20-472F-AA3B-9FAB6959269E}.Release|Any CPU.ActiveCfg = Release|Any CPU
		{DFD5FB3C-EF20-472F-AA3B-9FAB6959269E}.Release|Any CPU.Build.0 = Release|Any CPU
	EndGlobalSection
	GlobalSection(SolutionProperties) = preSolution
		HideSolutionNode = FALSE
	EndGlobalSection
	GlobalSection(ExtensibilityGlobals) = postSolution
		SolutionGuid = {52015588-E72D-45C8-8B4A-28812C486F9C}
	EndGlobalSection
EndGlobal
